{
    "_meta": {
        "hash": {
            "sha256": "012d142cd9680dd317b2dbd409848ebe09b66c0675efcc9968efb998b5ce34ff"
        },
        "pipfile-spec": 6,
        "requires": {
            "python_version": "3.9"
        },
        "sources": [
            {
                "name": "pypi",
                "url": "https://pypi.org/simple",
                "verify_ssl": true
            }
        ]
    },
    "default": {
        "ffmpeg": {
            "hashes": [
                "sha256:6931692c890ff21d39938433c2189747815dca0c60ddc7f9bb97f199dba0b5b9"
            ],
            "index": "pypi",
            "version": "==1.4"
        },
        "youtube-dl": {
            "hashes": [
                "sha256:263e04d53fb8ba3dfbd246ad09b7d388e896c132a20cc770c26ee7684de050ac",
                "sha256:cb2d3ee002158ede783e97a82c95f3817594df54367ea6a77ce5ceea4772f0ab"
            ],
            "index": "pypi",
            "version": "==2021.6.6"
        }
    },
    "develop": {}
}
